{
    "_readme": [
        "This file locks the dependencies of your project to a known state",
        "Read more about it at https://getcomposer.org/doc/01-basic-usage.md#composer-lock-the-lock-file",
        "This file is @generated automatically"
    ],
    "content-hash": "a5bf142180faad7f4d548f0a8ebc4fc9",
    "packages": [
        {
            "name": "alexmk92/core",
            "version": "dev-master",
            "source": {
                "type": "git",
                "url": "https://github.com/alexmk92/package-core.git",
                "reference": "69ea91dc3851c0fd7c77da36eeb82a7c75fadfd7"
            },
            "dist": {
                "type": "zip",
                "url": "https://api.github.com/repos/alexmk92/package-core/zipball/69ea91dc3851c0fd7c77da36eeb82a7c75fadfd7",
                "reference": "69ea91dc3851c0fd7c77da36eeb82a7c75fadfd7",
                "shasum": ""
            },
            "type": "library",
            "autoload": {
                "psr-4": {
                    "AlexMK92\\CoreService\\": "src/"
                }
            },
            "notification-url": "https://packagist.org/downloads/",
            "license": [
                "MIT"
            ],
            "authors": [
                {
                    "name": "Alex Sims",
                    "email": "alex.sims@jamesandjames.com"
                }
            ],
            "description": "Shared functionality for all applications to consume",
            "time": "2020-05-21T07:31:36+00:00"
        }
    ],
    "packages-dev": [],
    "aliases": [],
    "minimum-stability": "dev",
    "stability-flags": {
        "alexmk92/core": 20
    },
    "prefer-stable": false,
    "prefer-lowest": false,
    "platform": [],
    "platform-dev": []
}
